// !$*UTF8*$!
{
	archiveVersion = 1;
	classes = {
	};
	objectVersion = 56;
	objects = {

/* Begin PBXBuildFile section */
		F3915CBF2C5B63420034E37D /* AppDelegate.swift in Sources */ = {isa = PBXBuildFile; fileRef = F3915CBE2C5B63420034E37D /* AppDelegate.swift */; };
		F3915CC12C5B63420034E37D /* SceneDelegate.swift in Sources */ = {isa = PBXBuildFile; fileRef = F3915CC02C5B63420034E37D /* SceneDelegate.swift */; };
		F3915CC32C5B63420034E37D /* MainViewController.swift in Sources */ = {isa = PBXBuildFile; fileRef = F3915CC22C5B63420034E37D /* MainViewController.swift */; };
		F3915CC62C5B63420034E37D /* Base in Resources */ = {isa = PBXBuildFile; fileRef = F3915CC52C5B63420034E37D /* Base */; };
		F3915CC92C5B63420034E37D /* MovieApp.xcdatamodeld in Sources */ = {isa = PBXBuildFile; fileRef = F3915CC72C5B63420034E37D /* MovieApp.xcdatamodeld */; };
		F3915CCB2C5B63440034E37D /* Assets.xcassets in Resources */ = {isa = PBXBuildFile; fileRef = F3915CCA2C5B63440034E37D /* Assets.xcassets */; };
		F3915CCE2C5B63440034E37D /* Base in Resources */ = {isa = PBXBuildFile; fileRef = F3915CCD2C5B63440034E37D /* Base */; };
		F3915CD92C5B63440034E37D /* MovieAppTests.swift in Sources */ = {isa = PBXBuildFile; fileRef = F3915CD82C5B63440034E37D /* MovieAppTests.swift */; };
		F3915CE32C5B63440034E37D /* MovieAppUITests.swift in Sources */ = {isa = PBXBuildFile; fileRef = F3915CE22C5B63440034E37D /* MovieAppUITests.swift */; };
		F3915CE52C5B63440034E37D /* MovieAppUITestsLaunchTests.swift in Sources */ = {isa = PBXBuildFile; fileRef = F3915CE42C5B63440034E37D /* MovieAppUITestsLaunchTests.swift */; };
		F3915CF22C5B64C60034E37D /* Movie.swift in Sources */ = {isa = PBXBuildFile; fileRef = F3915CF12C5B64C60034E37D /* Movie.swift */; };
		F3915CF42C5B64F90034E37D /* APIService.swift in Sources */ = {isa = PBXBuildFile; fileRef = F3915CF32C5B64F80034E37D /* APIService.swift */; };
		F3915CF62C5B65260034E37D /* MovieListViewModel.swift in Sources */ = {isa = PBXBuildFile; fileRef = F3915CF52C5B65260034E37D /* MovieListViewModel.swift */; };
		F3915CF82C5B65470034E37D /* MovieDetailViewModel.swift in Sources */ = {isa = PBXBuildFile; fileRef = F3915CF72C5B65470034E37D /* MovieDetailViewModel.swift */; };
		F3915CFA2C5B65800034E37D /* SplashViewController.swift in Sources */ = {isa = PBXBuildFile; fileRef = F3915CF92C5B65800034E37D /* SplashViewController.swift */; };
		F3915CFE2C5B65FD0034E37D /* MovieDetailViewController.swift in Sources */ = {isa = PBXBuildFile; fileRef = F3915CFD2C5B65FD0034E37D /* MovieDetailViewController.swift */; };
		F3915D002C5B66270034E37D /* UserDefaultsManager.swift in Sources */ = {isa = PBXBuildFile; fileRef = F3915CFF2C5B66270034E37D /* UserDefaultsManager.swift */; };
		F3915D042C5B6DCE0034E37D /* ImageService.swift in Sources */ = {isa = PBXBuildFile; fileRef = F3915D032C5B6DCE0034E37D /* ImageService.swift */; };
		F3915D072C5B72990034E37D /* MovieCell.swift in Sources */ = {isa = PBXBuildFile; fileRef = F3915D052C5B72990034E37D /* MovieCell.swift */; };
		F3915D082C5B72990034E37D /* MovieCell.xib in Resources */ = {isa = PBXBuildFile; fileRef = F3915D062C5B72990034E37D /* MovieCell.xib */; };
		F3915D122C5B8BB20034E37D /* MovieDetailsCell.swift in Sources */ = {isa = PBXBuildFile; fileRef = F3915D102C5B8BB20034E37D /* MovieDetailsCell.swift */; };
		F3915D132C5B8BB20034E37D /* MovieDetailsCell.xib in Resources */ = {isa = PBXBuildFile; fileRef = F3915D112C5B8BB20034E37D /* MovieDetailsCell.xib */; };
/* End PBXBuildFile section */

/* Begin PBXContainerItemProxy section */
		F3915CD52C5B63440034E37D /* PBXContainerItemProxy */ = {
			isa = PBXContainerItemProxy;
			containerPortal = F3915CB32C5B63410034E37D /* Project object */;
			proxyType = 1;
			remoteGlobalIDString = F3915CBA2C5B63420034E37D;
			remoteInfo = MovieApp;
		};
		F3915CDF2C5B63440034E37D /* PBXContainerItemProxy */ = {
			isa = PBXContainerItemProxy;
			containerPortal = F3915CB32C5B63410034E37D /* Project object */;
			proxyType = 1;
			remoteGlobalIDString = F3915CBA2C5B63420034E37D;
			remoteInfo = MovieApp;
		};
/* End PBXContainerItemProxy section */

/* Begin PBXFileReference section */
		F3915CBB2C5B63420034E37D /* MovieApp.app */ = {isa = PBXFileReference; explicitFileType = wrapper.application; includeInIndex = 0; path = MovieApp.app; sourceTree = BUILT_PRODUCTS_DIR; };
		F3915CBE2C5B63420034E37D /* AppDelegate.swift */ = {isa = PBXFileReference; lastKnownFileType = sourcecode.swift; path = AppDelegate.swift; sourceTree = "<group>"; };
		F3915CC02C5B63420034E37D /* SceneDelegate.swift */ = {isa = PBXFileReference; lastKnownFileType = sourcecode.swift; path = SceneDelegate.swift; sourceTree = "<group>"; };
		F3915CC22C5B63420034E37D /* MainViewController.swift */ = {isa = PBXFileReference; lastKnownFileType = sourcecode.swift; path = MainViewController.swift; sourceTree = "<group>"; };
		F3915CC52C5B63420034E37D /* Base */ = {isa = PBXFileReference; lastKnownFileType = file.storyboard; name = Base; path = Base.lproj/Main.storyboard; sourceTree = "<group>"; };
		F3915CC82C5B63420034E37D /* MovieApp.xcdatamodel */ = {isa = PBXFileReference; lastKnownFileType = wrapper.xcdatamodel; path = MovieApp.xcdatamodel; sourceTree = "<group>"; };
		F3915CCA2C5B63440034E37D /* Assets.xcassets */ = {isa = PBXFileReference; lastKnownFileType = folder.assetcatalog; path = Assets.xcassets; sourceTree = "<group>"; };
		F3915CCD2C5B63440034E37D /* Base */ = {isa = PBXFileReference; lastKnownFileType = file.storyboard; name = Base; path = Base.lproj/LaunchScreen.storyboard; sourceTree = "<group>"; };
		F3915CCF2C5B63440034E37D /* Info.plist */ = {isa = PBXFileReference; lastKnownFileType = text.plist.xml; path = Info.plist; sourceTree = "<group>"; };
		F3915CD42C5B63440034E37D /* MovieAppTests.xctest */ = {isa = PBXFileReference; explicitFileType = wrapper.cfbundle; includeInIndex = 0; path = MovieAppTests.xctest; sourceTree = BUILT_PRODUCTS_DIR; };
		F3915CD82C5B63440034E37D /* MovieAppTests.swift */ = {isa = PBXFileReference; lastKnownFileType = sourcecode.swift; path = MovieAppTests.swift; sourceTree = "<group>"; };
		F3915CDE2C5B63440034E37D /* MovieAppUITests.xctest */ = {isa = PBXFileReference; explicitFileType = wrapper.cfbundle; includeInIndex = 0; path = MovieAppUITests.xctest; sourceTree = BUILT_PRODUCTS_DIR; };
		F3915CE22C5B63440034E37D /* MovieAppUITests.swift */ = {isa = PBXFileReference; lastKnownFileType = sourcecode.swift; path = MovieAppUITests.swift; sourceTree = "<group>"; };
		F3915CE42C5B63440034E37D /* MovieAppUITestsLaunchTests.swift */ = {isa = PBXFileReference; lastKnownFileType = sourcecode.swift; path = MovieAppUITestsLaunchTests.swift; sourceTree = "<group>"; };
		F3915CF12C5B64C60034E37D /* Movie.swift */ = {isa = PBXFileReference; lastKnownFileType = sourcecode.swift; path = Movie.swift; sourceTree = "<group>"; };
		F3915CF32C5B64F80034E37D /* APIService.swift */ = {isa = PBXFileReference; lastKnownFileType = sourcecode.swift; path = APIService.swift; sourceTree = "<group>"; };
		F3915CF52C5B65260034E37D /* MovieListViewModel.swift */ = {isa = PBXFileReference; lastKnownFileType = sourcecode.swift; path = MovieListViewModel.swift; sourceTree = "<group>"; };
		F3915CF72C5B65470034E37D /* MovieDetailViewModel.swift */ = {isa = PBXFileReference; lastKnownFileType = sourcecode.swift; path = MovieDetailViewModel.swift; sourceTree = "<group>"; };
		F3915CF92C5B65800034E37D /* SplashViewController.swift */ = {isa = PBXFileReference; lastKnownFileType = sourcecode.swift; path = SplashViewController.swift; sourceTree = "<group>"; };
		F3915CFD2C5B65FD0034E37D /* MovieDetailViewController.swift */ = {isa = PBXFileReference; lastKnownFileType = sourcecode.swift; path = MovieDetailViewController.swift; sourceTree = "<group>"; };
		F3915CFF2C5B66270034E37D /* UserDefaultsManager.swift */ = {isa = PBXFileReference; lastKnownFileType = sourcecode.swift; path = UserDefaultsManager.swift; sourceTree = "<group>"; };
		F3915D032C5B6DCE0034E37D /* ImageService.swift */ = {isa = PBXFileReference; lastKnownFileType = sourcecode.swift; path = ImageService.swift; sourceTree = "<group>"; };
		F3915D052C5B72990034E37D /* MovieCell.swift */ = {isa = PBXFileReference; lastKnownFileType = sourcecode.swift; path = MovieCell.swift; sourceTree = "<group>"; };
		F3915D062C5B72990034E37D /* MovieCell.xib */ = {isa = PBXFileReference; lastKnownFileType = file.xib; path = MovieCell.xib; sourceTree = "<group>"; };
		F3915D102C5B8BB20034E37D /* MovieDetailsCell.swift */ = {isa = PBXFileReference; lastKnownFileType = sourcecode.swift; path = MovieDetailsCell.swift; sourceTree = "<group>"; };
		F3915D112C5B8BB20034E37D /* MovieDetailsCell.xib */ = {isa = PBXFileReference; lastKnownFileType = file.xib; path = MovieDetailsCell.xib; sourceTree = "<group>"; };
/* End PBXFileReference section */

/* Begin PBXFrameworksBuildPhase section */
		F3915CB82C5B63420034E37D /* Frameworks */ = {
			isa = PBXFrameworksBuildPhase;
			buildActionMask = 2147483647;
			files = (
			);
			runOnlyForDeploymentPostprocessing = 0;
		};
		F3915CD12C5B63440034E37D /* Frameworks */ = {
			isa = PBXFrameworksBuildPhase;
			buildActionMask = 2147483647;
			files = (
			);
			runOnlyForDeploymentPostprocessing = 0;
		};
		F3915CDB2C5B63440034E37D /* Frameworks */ = {
			isa = PBXFrameworksBuildPhase;
			buildActionMask = 2147483647;
			files = (
			);
			runOnlyForDeploymentPostprocessing = 0;
		};
/* End PBXFrameworksBuildPhase section */

/* Begin PBXGroup section */
		F3915CB22C5B63410034E37D = {
			isa = PBXGroup;
			children = (
				F3915CBD2C5B63420034E37D /* MovieApp */,
				F3915CD72C5B63440034E37D /* MovieAppTests */,
				F3915CE12C5B63440034E37D /* MovieAppUITests */,
				F3915CBC2C5B63420034E37D /* Products */,
			);
			sourceTree = "<group>";
		};
		F3915CBC2C5B63420034E37D /* Products */ = {
			isa = PBXGroup;
			children = (
				F3915CBB2C5B63420034E37D /* MovieApp.app */,
				F3915CD42C5B63440034E37D /* MovieAppTests.xctest */,
				F3915CDE2C5B63440034E37D /* MovieAppUITests.xctest */,
			);
			name = Products;
			sourceTree = "<group>";
		};
		F3915CBD2C5B63420034E37D /* MovieApp */ = {
			isa = PBXGroup;
			children = (
				F3915D0E2C5B862B0034E37D /* Delegates */,
				F3915D0F2C5B864C0034E37D /* Services */,
				F3915D0B2C5B85AC0034E37D /* Model */,
				F3915D092C5B85940034E37D /* View */,
				F3915D0A2C5B859D0034E37D /* ViewModel */,
				F3915CCA2C5B63440034E37D /* Assets.xcassets */,
				F3915CCF2C5B63440034E37D /* Info.plist */,
				F3915CC72C5B63420034E37D /* MovieApp.xcdatamodeld */,
			);
			path = MovieApp;
			sourceTree = "<group>";
		};
		F3915CD72C5B63440034E37D /* MovieAppTests */ = {
			isa = PBXGroup;
			children = (
				F3915CD82C5B63440034E37D /* MovieAppTests.swift */,
			);
			path = MovieAppTests;
			sourceTree = "<group>";
		};
		F3915CE12C5B63440034E37D /* MovieAppUITests */ = {
			isa = PBXGroup;
			children = (
				F3915CE22C5B63440034E37D /* MovieAppUITests.swift */,
				F3915CE42C5B63440034E37D /* MovieAppUITestsLaunchTests.swift */,
			);
			path = MovieAppUITests;
			sourceTree = "<group>";
		};
		F3915D092C5B85940034E37D /* View */ = {
			isa = PBXGroup;
			children = (
				F3915CCC2C5B63440034E37D /* LaunchScreen.storyboard */,
				F3915CC42C5B63420034E37D /* Main.storyboard */,
				F3915D0D2C5B86030034E37D /* ViewControllers */,
				F3915D0C2C5B85F40034E37D /* Cells */,
			);
			path = View;
			sourceTree = "<group>";
		};
		F3915D0A2C5B859D0034E37D /* ViewModel */ = {
			isa = PBXGroup;
			children = (
				F3915CF72C5B65470034E37D /* MovieDetailViewModel.swift */,
				F3915CF52C5B65260034E37D /* MovieListViewModel.swift */,
			);
			path = ViewModel;
			sourceTree = "<group>";
		};
		F3915D0B2C5B85AC0034E37D /* Model */ = {
			isa = PBXGroup;
			children = (
				F3915CF12C5B64C60034E37D /* Movie.swift */,
			);
			path = Model;
			sourceTree = "<group>";
		};
		F3915D0C2C5B85F40034E37D /* Cells */ = {
			isa = PBXGroup;
			children = (
				F3915D062C5B72990034E37D /* MovieCell.xib */,
				F3915D052C5B72990034E37D /* MovieCell.swift */,
				F3915D102C5B8BB20034E37D /* MovieDetailsCell.swift */,
				F3915D112C5B8BB20034E37D /* MovieDetailsCell.xib */,
			);
			path = Cells;
			sourceTree = "<group>";
		};
		F3915D0D2C5B86030034E37D /* ViewControllers */ = {
			isa = PBXGroup;
			children = (
				F3915CFD2C5B65FD0034E37D /* MovieDetailViewController.swift */,
				F3915CF92C5B65800034E37D /* SplashViewController.swift */,
				F3915CC22C5B63420034E37D /* MainViewController.swift */,
			);
			path = ViewControllers;
			sourceTree = "<group>";
		};
		F3915D0E2C5B862B0034E37D /* Delegates */ = {
			isa = PBXGroup;
			children = (
				F3915CC02C5B63420034E37D /* SceneDelegate.swift */,
				F3915CBE2C5B63420034E37D /* AppDelegate.swift */,
			);
			path = Delegates;
			sourceTree = "<group>";
		};
		F3915D0F2C5B864C0034E37D /* Services */ = {
			isa = PBXGroup;
			children = (
				F3915CFF2C5B66270034E37D /* UserDefaultsManager.swift */,
				F3915CF32C5B64F80034E37D /* APIService.swift */,
				F3915D032C5B6DCE0034E37D /* ImageService.swift */,
			);
			path = Services;
			sourceTree = "<group>";
		};
/* End PBXGroup section */

/* Begin PBXNativeTarget section */
		F3915CBA2C5B63420034E37D /* MovieApp */ = {
			isa = PBXNativeTarget;
			buildConfigurationList = F3915CE82C5B63440034E37D /* Build configuration list for PBXNativeTarget "MovieApp" */;
			buildPhases = (
				F3915CB72C5B63420034E37D /* Sources */,
				F3915CB82C5B63420034E37D /* Frameworks */,
				F3915CB92C5B63420034E37D /* Resources */,
			);
			buildRules = (
			);
			dependencies = (
			);
			name = MovieApp;
			productName = MovieApp;
			productReference = F3915CBB2C5B63420034E37D /* MovieApp.app */;
			productType = "com.apple.product-type.application";
		};
		F3915CD32C5B63440034E37D /* MovieAppTests */ = {
			isa = PBXNativeTarget;
			buildConfigurationList = F3915CEB2C5B63440034E37D /* Build configuration list for PBXNativeTarget "MovieAppTests" */;
			buildPhases = (
				F3915CD02C5B63440034E37D /* Sources */,
				F3915CD12C5B63440034E37D /* Frameworks */,
				F3915CD22C5B63440034E37D /* Resources */,
			);
			buildRules = (
			);
			dependencies = (
				F3915CD62C5B63440034E37D /* PBXTargetDependency */,
			);
			name = MovieAppTests;
			productName = MovieAppTests;
			productReference = F3915CD42C5B63440034E37D /* MovieAppTests.xctest */;
			productType = "com.apple.product-type.bundle.unit-test";
		};
		F3915CDD2C5B63440034E37D /* MovieAppUITests */ = {
			isa = PBXNativeTarget;
			buildConfigurationList = F3915CEE2C5B63440034E37D /* Build configuration list for PBXNativeTarget "MovieAppUITests" */;
			buildPhases = (
				F3915CDA2C5B63440034E37D /* Sources */,
				F3915CDB2C5B63440034E37D /* Frameworks */,
				F3915CDC2C5B63440034E37D /* Resources */,
			);
			buildRules = (
			);
			dependencies = (
				F3915CE02C5B63440034E37D /* PBXTargetDependency */,
			);
			name = MovieAppUITests;
			productName = MovieAppUITests;
			productReference = F3915CDE2C5B63440034E37D /* MovieAppUITests.xctest */;
			productType = "com.apple.product-type.bundle.ui-testing";
		};
/* End PBXNativeTarget section */

/* Begin PBXProject section */
		F3915CB32C5B63410034E37D /* Project object */ = {
			isa = PBXProject;
			attributes = {
				BuildIndependentTargetsInParallel = 1;
				LastSwiftUpdateCheck = 1540;
				LastUpgradeCheck = 1540;
				TargetAttributes = {
					F3915CBA2C5B63420034E37D = {
						CreatedOnToolsVersion = 15.4;
					};
					F3915CD32C5B63440034E37D = {
						CreatedOnToolsVersion = 15.4;
						TestTargetID = F3915CBA2C5B63420034E37D;
					};
					F3915CDD2C5B63440034E37D = {
						CreatedOnToolsVersion = 15.4;
						TestTargetID = F3915CBA2C5B63420034E37D;
					};
				};
			};
			buildConfigurationList = F3915CB62C5B63410034E37D /* Build configuration list for PBXProject "MovieApp" */;
			compatibilityVersion = "Xcode 14.0";
			developmentRegion = en;
			hasScannedForEncodings = 0;
			knownRegions = (
				en,
				Base,
			);
			mainGroup = F3915CB22C5B63410034E37D;
			productRefGroup = F3915CBC2C5B63420034E37D /* Products */;
			projectDirPath = "";
			projectRoot = "";
			targets = (
				F3915CBA2C5B63420034E37D /* MovieApp */,
				F3915CD32C5B63440034E37D /* MovieAppTests */,
				F3915CDD2C5B63440034E37D /* MovieAppUITests */,
			);
		};
/* End PBXProject section */

/* Begin PBXResourcesBuildPhase section */
		F3915CB92C5B63420034E37D /* Resources */ = {
			isa = PBXResourcesBuildPhase;
			buildActionMask = 2147483647;
			files = (
				F3915CCB2C5B63440034E37D /* Assets.xcassets in Resources */,
				F3915D132C5B8BB20034E37D /* MovieDetailsCell.xib in Resources */,
				F3915CCE2C5B63440034E37D /* Base in Resources */,
				F3915D082C5B72990034E37D /* MovieCell.xib in Resources */,
				F3915CC62C5B63420034E37D /* Base in Resources */,
			);
			runOnlyForDeploymentPostprocessing = 0;
		};
		F3915CD22C5B63440034E37D /* Resources */ = {
			isa = PBXResourcesBuildPhase;
			buildActionMask = 2147483647;
			files = (
			);
			runOnlyForDeploymentPostprocessing = 0;
		};
		F3915CDC2C5B63440034E37D /* Resources */ = {
			isa = PBXResourcesBuildPhase;
			buildActionMask = 2147483647;
			files = (
			);
			runOnlyForDeploymentPostprocessing = 0;
		};
/* End PBXResourcesBuildPhase section */

/* Begin PBXSourcesBuildPhase section */
		F3915CB72C5B63420034E37D /* Sources */ = {
			isa = PBXSourcesBuildPhase;
			buildActionMask = 2147483647;
			files = (
				F3915CC32C5B63420034E37D /* MainViewController.swift in Sources */,
				F3915CBF2C5B63420034E37D /* AppDelegate.swift in Sources */,
				F3915D002C5B66270034E37D /* UserDefaultsManager.swift in Sources */,
				F3915D072C5B72990034E37D /* MovieCell.swift in Sources */,
				F3915CF42C5B64F90034E37D /* APIService.swift in Sources */,
				F3915CFA2C5B65800034E37D /* SplashViewController.swift in Sources */,
				F3915CF62C5B65260034E37D /* MovieListViewModel.swift in Sources */,
				F3915D122C5B8BB20034E37D /* MovieDetailsCell.swift in Sources */,
				F3915CF82C5B65470034E37D /* MovieDetailViewModel.swift in Sources */,
				F3915CC92C5B63420034E37D /* MovieApp.xcdatamodeld in Sources */,
				F3915CC12C5B63420034E37D /* SceneDelegate.swift in Sources */,
				F3915D042C5B6DCE0034E37D /* ImageService.swift in Sources */,
				F3915CFE2C5B65FD0034E37D /* MovieDetailViewController.swift in Sources */,
				F3915CF22C5B64C60034E37D /* Movie.swift in Sources */,
			);
			runOnlyForDeploymentPostprocessing = 0;
		};
		F3915CD02C5B63440034E37D /* Sources */ = {
			isa = PBXSourcesBuildPhase;
			buildActionMask = 2147483647;
			files = (
				F3915CD92C5B63440034E37D /* MovieAppTests.swift in Sources */,
			);
			runOnlyForDeploymentPostprocessing = 0;
		};
		F3915CDA2C5B63440034E37D /* Sources */ = {
			isa = PBXSourcesBuildPhase;
			buildActionMask = 2147483647;
			files = (
				F3915CE52C5B63440034E37D /* MovieAppUITestsLaunchTests.swift in Sources */,
				F3915CE32C5B63440034E37D /* MovieAppUITests.swift in Sources */,
			);
			runOnlyForDeploymentPostprocessing = 0;
		};
/* End PBXSourcesBuildPhase section */

/* Begin PBXTargetDependency section */
		F3915CD62C5B63440034E37D /* PBXTargetDependency */ = {
			isa = PBXTargetDependency;
			target = F3915CBA2C5B63420034E37D /* MovieApp */;
			targetProxy = F3915CD52C5B63440034E37D /* PBXContainerItemProxy */;
		};
		F3915CE02C5B63440034E37D /* PBXTargetDependency */ = {
			isa = PBXTargetDependency;
			target = F3915CBA2C5B63420034E37D /* MovieApp */;
			targetProxy = F3915CDF2C5B63440034E37D /* PBXContainerItemProxy */;
		};
/* End PBXTargetDependency section */

/* Begin PBXVariantGroup section */
		F3915CC42C5B63420034E37D /* Main.storyboard */ = {
			isa = PBXVariantGroup;
			children = (
				F3915CC52C5B63420034E37D /* Base */,
			);
			name = Main.storyboard;
			sourceTree = "<group>";
		};
		F3915CCC2C5B63440034E37D /* LaunchScreen.storyboard */ = {
			isa = PBXVariantGroup;
			children = (
				F3915CCD2C5B63440034E37D /* Base */,
			);
			name = LaunchScreen.storyboard;
			sourceTree = "<group>";
		};
/* End PBXVariantGroup section */

/* Begin XCBuildConfiguration section */
		F3915CE62C5B63440034E37D /* Debug */ = {
			isa = XCBuildConfiguration;
			buildSettings = {
				ALWAYS_SEARCH_USER_PATHS = NO;
				ASSETCATALOG_COMPILER_GENERATE_SWIFT_ASSET_SYMBOL_EXTENSIONS = YES;
				CLANG_ANALYZER_NONNULL = YES;
				CLANG_ANALYZER_NUMBER_OBJECT_CONVERSION = YES_AGGRESSIVE;
				CLANG_CXX_LANGUAGE_STANDARD = "gnu++20";
				CLANG_ENABLE_MODULES = YES;
				CLANG_ENABLE_OBJC_ARC = YES;
				CLANG_ENABLE_OBJC_WEAK = YES;
				CLANG_WARN_BLOCK_CAPTURE_AUTORELEASING = YES;
				CLANG_WARN_BOOL_CONVERSION = YES;
				CLANG_WARN_COMMA = YES;
				CLANG_WARN_CONSTANT_CONVERSION = YES;
				CLANG_WARN_DEPRECATED_OBJC_IMPLEMENTATIONS = YES;
				CLANG_WARN_DIRECT_OBJC_ISA_USAGE = YES_ERROR;
				CLANG_WARN_DOCUMENTATION_COMMENTS = YES;
				CLANG_WARN_EMPTY_BODY = YES;
				CLANG_WARN_ENUM_CONVERSION = YES;
				CLANG_WARN_INFINITE_RECURSION = YES;
				CLANG_WARN_INT_CONVERSION = YES;
				CLANG_WARN_NON_LITERAL_NULL_CONVERSION = YES;
				CLANG_WARN_OBJC_IMPLICIT_RETAIN_SELF = YES;
				CLANG_WARN_OBJC_LITERAL_CONVERSION = YES;
				CLANG_WARN_OBJC_ROOT_CLASS = YES_ERROR;
				CLANG_WARN_QUOTED_INCLUDE_IN_FRAMEWORK_HEADER = YES;
				CLANG_WARN_RANGE_LOOP_ANALYSIS = YES;
				CLANG_WARN_STRICT_PROTOTYPES = YES;
				CLANG_WARN_SUSPICIOUS_MOVE = YES;
				CLANG_WARN_UNGUARDED_AVAILABILITY = YES_AGGRESSIVE;
				CLANG_WARN_UNREACHABLE_CODE = YES;
				CLANG_WARN__DUPLICATE_METHOD_MATCH = YES;
				COPY_PHASE_STRIP = NO;
				DEBUG_INFORMATION_FORMAT = dwarf;
				ENABLE_STRICT_OBJC_MSGSEND = YES;
				ENABLE_TESTABILITY = YES;
				ENABLE_USER_SCRIPT_SANDBOXING = YES;
				GCC_C_LANGUAGE_STANDARD = gnu17;
				GCC_DYNAMIC_NO_PIC = NO;
				GCC_NO_COMMON_BLOCKS = YES;
				GCC_OPTIMIZATION_LEVEL = 0;
				GCC_PREPROCESSOR_DEFINITIONS = (
					"DEBUG=1",
					"$(inherited)",
				);
				GCC_WARN_64_TO_32_BIT_CONVERSION = YES;
				GCC_WARN_ABOUT_RETURN_TYPE = YES_ERROR;
				GCC_WARN_UNDECLARED_SELECTOR = YES;
				GCC_WARN_UNINITIALIZED_AUTOS = YES_AGGRESSIVE;
				GCC_WARN_UNUSED_FUNCTION = YES;
				GCC_WARN_UNUSED_VARIABLE = YES;
				IPHONEOS_DEPLOYMENT_TARGET = 17.5;
				LOCALIZATION_PREFERS_STRING_CATALOGS = YES;
				MTL_ENABLE_DEBUG_INFO = INCLUDE_SOURCE;
				MTL_FAST_MATH = YES;
				ONLY_ACTIVE_ARCH = YES;
				SDKROOT = iphoneos;
				SWIFT_ACTIVE_COMPILATION_CONDITIONS = "DEBUG $(inherited)";
				SWIFT_OPTIMIZATION_LEVEL = "-Onone";
			};
			name = Debug;
		};
		F3915CE72C5B63440034E37D /* Release */ = {
			isa = XCBuildConfiguration;
			buildSettings = {
				ALWAYS_SEARCH_USER_PATHS = NO;
				ASSETCATALOG_COMPILER_GENERATE_SWIFT_ASSET_SYMBOL_EXTENSIONS = YES;
				CLANG_ANALYZER_NONNULL = YES;
				CLANG_ANALYZER_NUMBER_OBJECT_CONVERSION = YES_AGGRESSIVE;
				CLANG_CXX_LANGUAGE_STANDARD = "gnu++20";
				CLANG_ENABLE_MODULES = YES;
				CLANG_ENABLE_OBJC_ARC = YES;
				CLANG_ENABLE_OBJC_WEAK = YES;
				CLANG_WARN_BLOCK_CAPTURE_AUTORELEASING = YES;
				CLANG_WARN_BOOL_CONVERSION = YES;
				CLANG_WARN_COMMA = YES;
				CLANG_WARN_CONSTANT_CONVERSION = YES;
				CLANG_WARN_DEPRECATED_OBJC_IMPLEMENTATIONS = YES;
				CLANG_WARN_DIRECT_OBJC_ISA_USAGE = YES_ERROR;
				CLANG_WARN_DOCUMENTATION_COMMENTS = YES;
				CLANG_WARN_EMPTY_BODY = YES;
				CLANG_WARN_ENUM_CONVERSION = YES;
				CLANG_WARN_INFINITE_RECURSION = YES;
				CLANG_WARN_INT_CONVERSION = YES;
				CLANG_WARN_NON_LITERAL_NULL_CONVERSION = YES;
				CLANG_WARN_OBJC_IMPLICIT_RETAIN_SELF = YES;
				CLANG_WARN_OBJC_LITERAL_CONVERSION = YES;
				CLANG_WARN_OBJC_ROOT_CLASS = YES_ERROR;
				CLANG_WARN_QUOTED_INCLUDE_IN_FRAMEWORK_HEADER = YES;
				CLANG_WARN_RANGE_LOOP_ANALYSIS = YES;
				CLANG_WARN_STRICT_PROTOTYPES = YES;
				CLANG_WARN_SUSPICIOUS_MOVE = YES;
				CLANG_WARN_UNGUARDED_AVAILABILITY = YES_AGGRESSIVE;
				CLANG_WARN_UNREACHABLE_CODE = YES;
				CLANG_WARN__DUPLICATE_METHOD_MATCH = YES;
				COPY_PHASE_STRIP = NO;
				DEBUG_INFORMATION_FORMAT = "dwarf-with-dsym";
				ENABLE_NS_ASSERTIONS = NO;
				ENABLE_STRICT_OBJC_MSGSEND = YES;
				ENABLE_USER_SCRIPT_SANDBOXING = YES;
				GCC_C_LANGUAGE_STANDARD = gnu17;
				GCC_NO_COMMON_BLOCKS = YES;
				GCC_WARN_64_TO_32_BIT_CONVERSION = YES;
				GCC_WARN_ABOUT_RETURN_TYPE = YES_ERROR;
				GCC_WARN_UNDECLARED_SELECTOR = YES;
				GCC_WARN_UNINITIALIZED_AUTOS = YES_AGGRESSIVE;
				GCC_WARN_UNUSED_FUNCTION = YES;
				GCC_WARN_UNUSED_VARIABLE = YES;
				IPHONEOS_DEPLOYMENT_TARGET = 17.5;
				LOCALIZATION_PREFERS_STRING_CATALOGS = YES;
				MTL_ENABLE_DEBUG_INFO = NO;
				MTL_FAST_MATH = YES;
				SDKROOT = iphoneos;
				SWIFT_COMPILATION_MODE = wholemodule;
				VALIDATE_PRODUCT = YES;
			};
			name = Release;
		};
		F3915CE92C5B63440034E37D /* Debug */ = {
			isa = XCBuildConfiguration;
			buildSettings = {
				ASSETCATALOG_COMPILER_APPICON_NAME = AppIcon;
				ASSETCATALOG_COMPILER_GLOBAL_ACCENT_COLOR_NAME = AccentColor;
				CODE_SIGN_STYLE = Automatic;
				CURRENT_PROJECT_VERSION = 1;
				DEVELOPMENT_TEAM = C69YHE49BQ;
				GENERATE_INFOPLIST_FILE = YES;
				INFOPLIST_FILE = MovieApp/Info.plist;
				INFOPLIST_KEY_UIApplicationSupportsIndirectInputEvents = YES;
				INFOPLIST_KEY_UILaunchStoryboardName = LaunchScreen;
				INFOPLIST_KEY_UIMainStoryboardFile = Main;
				INFOPLIST_KEY_UISupportedInterfaceOrientations_iPad = "UIInterfaceOrientationPortrait UIInterfaceOrientationPortraitUpsideDown UIInterfaceOrientationLandscapeLeft UIInterfaceOrientationLandscapeRight";
				INFOPLIST_KEY_UISupportedInterfaceOrientations_iPhone = "UIInterfaceOrientationPortrait UIInterfaceOrientationLandscapeLeft UIInterfaceOrientationLandscapeRight";
				LD_RUNPATH_SEARCH_PATHS = (
					"$(inherited)",
					"@executable_path/Frameworks",
				);
				MARKETING_VERSION = 1.0;
				PRODUCT_BUNDLE_IDENTIFIER = jayakumar.MovieApp;
				PRODUCT_NAME = "$(TARGET_NAME)";
				SWIFT_EMIT_LOC_STRINGS = YES;
				SWIFT_VERSION = 5.0;
				TARGETED_DEVICE_FAMILY = "1,2";
			};
			name = Debug;
		};
		F3915CEA2C5B63440034E37D /* Release */ = {
			isa = XCBuildConfiguration;
			buildSettings = {
				ASSETCATALOG_COMPILER_APPICON_NAME = AppIcon;
				ASSETCATALOG_COMPILER_GLOBAL_ACCENT_COLOR_NAME = AccentColor;
				CODE_SIGN_STYLE = Automatic;
				CURRENT_PROJECT_VERSION = 1;
				DEVELOPMENT_TEAM = C69YHE49BQ;
				GENERATE_INFOPLIST_FILE = YES;
				INFOPLIST_FILE = MovieApp/Info.plist;
				INFOPLIST_KEY_UIApplicationSupportsIndirectInputEvents = YES;
				INFOPLIST_KEY_UILaunchStoryboardName = LaunchScreen;
				INFOPLIST_KEY_UIMainStoryboardFile = Main;
				INFOPLIST_KEY_UISupportedInterfaceOrientations_iPad = "UIInterfaceOrientationPortrait UIInterfaceOrientationPortraitUpsideDown UIInterfaceOrientationLandscapeLeft UIInterfaceOrientationLandscapeRight";
				INFOPLIST_KEY_UISupportedInterfaceOrientations_iPhone = "UIInterfaceOrientationPortrait UIInterfaceOrientationLandscapeLeft UIInterfaceOrientationLandscapeRight";
				LD_RUNPATH_SEARCH_PATHS = (
					"$(inherited)",
					"@executable_path/Frameworks",
				);
				MARKETING_VERSION = 1.0;
				PRODUCT_BUNDLE_IDENTIFIER = jayakumar.MovieApp;
				PRODUCT_NAME = "$(TARGET_NAME)";
				SWIFT_EMIT_LOC_STRINGS = YES;
				SWIFT_VERSION = 5.0;
				TARGETED_DEVICE_FAMILY = "1,2";
			};
			name = Release;
		};
		F3915CEC2C5B63440034E37D /* Debug */ = {
			isa = XCBuildConfiguration;
			buildSettings = {
				ALWAYS_EMBED_SWIFT_STANDARD_LIBRARIES = YES;
				BUNDLE_LOADER = "$(TEST_HOST)";
				CODE_SIGN_STYLE = Automatic;
				CURRENT_PROJECT_VERSION = 1;
				DEVELOPMENT_TEAM = C69YHE49BQ;
				GENERATE_INFOPLIST_FILE = YES;
				IPHONEOS_DEPLOYMENT_TARGET = 17.5;
				MARKETING_VERSION = 1.0;
				PRODUCT_BUNDLE_IDENTIFIER = jayakumar.MovieAppTests;
				PRODUCT_NAME = "$(TARGET_NAME)";
				SWIFT_EMIT_LOC_STRINGS = NO;
				SWIFT_VERSION = 5.0;
				TARGETED_DEVICE_FAMILY = "1,2";
				TEST_HOST = "$(BUILT_PRODUCTS_DIR)/MovieApp.app/$(BUNDLE_EXECUTABLE_FOLDER_PATH)/MovieApp";
			};
			name = Debug;
		};
		F3915CED2C5B63440034E37D /* Release */ = {
			isa = XCBuildConfiguration;
			buildSettings = {
				ALWAYS_EMBED_SWIFT_STANDARD_LIBRARIES = YES;
				BUNDLE_LOADER = "$(TEST_HOST)";
				CODE_SIGN_STYLE = Automatic;
				CURRENT_PROJECT_VERSION = 1;
				DEVELOPMENT_TEAM = C69YHE49BQ;
				GENERATE_INFOPLIST_FILE = YES;
				IPHONEOS_DEPLOYMENT_TARGET = 17.5;
				MARKETING_VERSION = 1.0;
				PRODUCT_BUNDLE_IDENTIFIER = jayakumar.MovieAppTests;
				PRODUCT_NAME = "$(TARGET_NAME)";
				SWIFT_EMIT_LOC_STRINGS = NO;
				SWIFT_VERSION = 5.0;
				TARGETED_DEVICE_FAMILY = "1,2";
				TEST_HOST = "$(BUILT_PRODUCTS_DIR)/MovieApp.app/$(BUNDLE_EXECUTABLE_FOLDER_PATH)/MovieApp";
			};
			name = Release;
		};
		F3915CEF2C5B63440034E37D /* Debug */ = {
			isa = XCBuildConfiguration;
			buildSettings = {
				ALWAYS_EMBED_SWIFT_STANDARD_LIBRARIES = YES;
				CODE_SIGN_STYLE = Automatic;
				CURRENT_PROJECT_VERSION = 1;
				DEVELOPMENT_TEAM = C69YHE49BQ;
				GENERATE_INFOPLIST_FILE = YES;
				MARKETING_VERSION = 1.0;
				PRODUCT_BUNDLE_IDENTIFIER = jayakumar.MovieAppUITests;
				PRODUCT_NAME = "$(TARGET_NAME)";
				SWIFT_EMIT_LOC_STRINGS = NO;
				SWIFT_VERSION = 5.0;
				TARGETED_DEVICE_FAMILY = "1,2";
				TEST_TARGET_NAME = MovieApp;
			};
			name = Debug;
		};
		F3915CF02C5B63440034E37D /* Release */ = {
			isa = XCBuildConfiguration;
			buildSettings = {
				ALWAYS_EMBED_SWIFT_STANDARD_LIBRARIES = YES;
				CODE_SIGN_STYLE = Automatic;
				CURRENT_PROJECT_VERSION = 1;
				DEVELOPMENT_TEAM = C69YHE49BQ;
				GENERATE_INFOPLIST_FILE = YES;
				MARKETING_VERSION = 1.0;
				PRODUCT_BUNDLE_IDENTIFIER = jayakumar.MovieAppUITests;
				PRODUCT_NAME = "$(TARGET_NAME)";
				SWIFT_EMIT_LOC_STRINGS = NO;
				SWIFT_VERSION = 5.0;
				TARGETED_DEVICE_FAMILY = "1,2";
				TEST_TARGET_NAME = MovieApp;
			};
			name = Release;
		};
/* End XCBuildConfiguration section */

/* Begin XCConfigurationList section */
		F3915CB62C5B63410034E37D /* Build configuration list for PBXProject "MovieApp" */ = {
			isa = XCConfigurationList;
			buildConfigurations = (
				F3915CE62C5B63440034E37D /* Debug */,
				F3915CE72C5B63440034E37D /* Release */,
			);
			defaultConfigurationIsVisible = 0;
			defaultConfigurationName = Release;
		};
		F3915CE82C5B63440034E37D /* Build configuration list for PBXNativeTarget "MovieApp" */ = {
			isa = XCConfigurationList;
			buildConfigurations = (
				F3915CE92C5B63440034E37D /* Debug */,
				F3915CEA2C5B63440034E37D /* Release */,
			);
			defaultConfigurationIsVisible = 0;
			defaultConfigurationName = Release;
		};
		F3915CEB2C5B63440034E37D /* Build configuration list for PBXNativeTarget "MovieAppTests" */ = {
			isa = XCConfigurationList;
			buildConfigurations = (
				F3915CEC2C5B63440034E37D /* Debug */,
				F3915CED2C5B63440034E37D /* Release */,
			);
			defaultConfigurationIsVisible = 0;
			defaultConfigurationName = Release;
		};
		F3915CEE2C5B63440034E37D /* Build configuration list for PBXNativeTarget "MovieAppUITests" */ = {
			isa = XCConfigurationList;
			buildConfigurations = (
				F3915CEF2C5B63440034E37D /* Debug */,
				F3915CF02C5B63440034E37D /* Release */,
			);
			defaultConfigurationIsVisible = 0;
			defaultConfigurationName = Release;
		};
/* End XCConfigurationList section */

/* Begin XCVersionGroup section */
		F3915CC72C5B63420034E37D /* MovieApp.xcdatamodeld */ = {
			isa = XCVersionGroup;
			children = (
				F3915CC82C5B63420034E37D /* MovieApp.xcdatamodel */,
			);
			currentVersion = F3915CC82C5B63420034E37D /* MovieApp.xcdatamodel */;
			path = MovieApp.xcdatamodeld;
			sourceTree = "<group>";
			versionGroupType = wrapper.xcdatamodel;
		};
/* End XCVersionGroup section */
	};
	rootObject = F3915CB32C5B63410034E37D /* Project object */;
}
